{
  "name": "resume-maker",
  "version": "1.0.4",
  "lockfileVersion": 2,
  "requires": true,
  "packages": {
    "": {
      "name": "resume-maker",
      "version": "1.0.4",
      "license": "MIT",
      "devDependencies": {
        "rollup": "^0.49.2",
        "rollup-plugin-typescript": "^0.8.1"
      }
    },
    "node_modules/balanced-match": {
      "version": "1.0.2",
      "resolved": "https://registry.npmjs.org/balanced-match/-/balanced-match-1.0.2.tgz",
      "integrity": "sha512-3oSeUO0TMV67hN1AmbXsK4yaqU7tjiHlbxRDZOpH0KW9+CeX4bRAaX0Anxt0tx2MrpRpWwQaPwIlISEJhYU5Pw==",
      "dev": true
    },
    "node_modules/brace-expansion": {
      "version": "1.1.11",
      "resolved": "https://registry.npmjs.org/brace-expansion/-/brace-expansion-1.1.11.tgz",
      "integrity": "sha512-iCuPHDFgrHX7H2vEI/5xpz07zSHB00TpugqhmYtVmMO6518mCuRMoOYFldEBl0g187ufozdaHgWKcYFb61qGiA==",
      "dev": true,
      "dependencies": {
        "balanced-match": "^1.0.0",
        "concat-map": "0.0.1"
      }
    },
    "node_modules/compare-versions": {
      "version": "2.0.1",
      "resolved": "https://registry.npmjs.org/compare-versions/-/compare-versions-2.0.1.tgz",
      "integrity": "sha512-6CSiK05766gCZ+t7t6xRQTOKN1b75x23GTawH6AAUoUuWI5jBQgPYo4aXy70VdRbEXFsdxTpL6yIwsZkxx90Hg==",
      "dev": true
    },
    "node_modules/concat-map": {
      "version": "0.0.1",
      "resolved": "https://registry.npmjs.org/concat-map/-/concat-map-0.0.1.tgz",
      "integrity": "sha512-/Srv4dswyQNBfohGpz9o6Yb3Gz3SrUDqBH5rTuhGR7ahtlbYKnVxw2bCFMRljaA7EXHaXZ8wsHdodFvbkhKmqg==",
      "dev": true
    },
    "node_modules/estree-walker": {
      "version": "0.2.1",
      "resolved": "https://registry.npmjs.org/estree-walker/-/estree-walker-0.2.1.tgz",
      "integrity": "sha512-6/I1dwNKk0N9iGOU3ydzAAurz4NPo/ttxZNCqgIVbWFvWyzWBSNonRrJ5CpjDuyBfmM7ENN7WCzUi9aT/UPXXQ==",
      "dev": true
    },
    "node_modules/minimatch": {
      "version": "3.1.2",
      "resolved": "https://registry.npmjs.org/minimatch/-/minimatch-3.1.2.tgz",
      "integrity": "sha512-J7p63hRiAjw1NDEww1W7i37+ByIrOWO5XQQAzZ3VOcL0PNybwpfmV/N05zFAzwQ9USyEcX6t3UO+K5aqBQOIHw==",
      "dev": true,
      "dependencies": {
        "brace-expansion": "^1.1.7"
      },
      "engines": {
        "node": "*"
      }
    },
    "node_modules/object-assign": {
      "version": "4.1.1",
      "resolved": "https://registry.npmjs.org/object-assign/-/object-assign-4.1.1.tgz",
      "integrity": "sha512-rJgTQnkUnH1sFw8yT6VSU3zD3sWmu6sZhIseY8VX+GRu3P6F7Fu+JNDoXfklElbLJSnc3FUQHVe4cU5hj+BcUg==",
      "dev": true,
      "engines": {
        "node": ">=0.10.0"
      }
    },
    "node_modules/rollup": {
      "version": "0.49.3",
      "resolved": "https://registry.npmjs.org/rollup/-/rollup-0.49.3.tgz",
      "integrity": "sha512-n/vHRX4GhMIyGZEQRANcSFVtvz99bSRbNMuoC33ar9f4CViqffyF9WklLb2mxIQ6I/uFf7wDEpc66bXBFE7FvA==",
      "dev": true,
      "bin": {
        "rollup": "bin/rollup"
      }
    },
    "node_modules/rollup-plugin-typescript": {
      "version": "0.8.1",
      "resolved": "https://registry.npmjs.org/rollup-plugin-typescript/-/rollup-plugin-typescript-0.8.1.tgz",
      "integrity": "sha512-CVe17ziQaudTHpLAHKM0MRSeOB9Aza7kuaJ/7G3meBM/SqsgZHo6ckqaNXkcnM5v2ISyvh016dJi8ppH1jTpNg==",
      "deprecated": "This package has been deprecated and is no longer maintained. Please use @rollup/plugin-typescript.",
      "dev": true,
      "dependencies": {
        "compare-versions": "2.0.1",
        "object-assign": "^4.0.1",
        "rollup-pluginutils": "^1.3.1",
        "tippex": "^2.1.1",
        "typescript": "^1.8.9"
      }
    },
    "node_modules/rollup-pluginutils": {
      "version": "1.5.2",
      "resolved": "https://registry.npmjs.org/rollup-pluginutils/-/rollup-pluginutils-1.5.2.tgz",
      "integrity": "sha512-SjdWWWO/CUoMpDy8RUbZ/pSpG68YHmhk5ROKNIoi2En9bJ8bTt3IhYi254RWiTclQmL7Awmrq+rZFOhZkJAHmQ==",
      "dev": true,
      "dependencies": {
        "estree-walker": "^0.2.1",
        "minimatch": "^3.0.2"
      }
    },
    "node_modules/tippex": {
      "version": "2.3.1",
      "resolved": "https://registry.npmjs.org/tippex/-/tippex-2.3.1.tgz",
      "integrity": "sha512-U5sfn9RQj2NRoQi0kit+iiI1GzNkVUFt6USOehsHYZv5G6CTJv3TejwLpLQYGBR/TI2xbU8pmNBB3a5Sgyl31A==",
      "dev": true
    },
    "node_modules/typescript": {
      "version": "1.8.10",
      "resolved": "https://registry.npmjs.org/typescript/-/typescript-1.8.10.tgz",
      "integrity": "sha512-amAjhGr2ZKUcd3OpqmSWbyz57bveJcwLdVp4XY31zR3Lylq0ZG8MHAX4IpoJ5AypkdkKkMRRVoqY6lKWrR9uPQ==",
      "dev": true,
      "bin": {
        "tsc": "bin/tsc",
        "tsserver": "bin/tsserver"
      },
      "engines": {
        "node": ">=0.8.0"
      }
    }
  },
  "dependencies": {
    "balanced-match": {
      "version": "1.0.2",
      "resolved": "https://registry.npmjs.org/balanced-match/-/balanced-match-1.0.2.tgz",
      "integrity": "sha512-3oSeUO0TMV67hN1AmbXsK4yaqU7tjiHlbxRDZOpH0KW9+CeX4bRAaX0Anxt0tx2MrpRpWwQaPwIlISEJhYU5Pw==",
      "dev": true
    },
    "brace-expansion": {
      "version": "1.1.11",
      "resolved": "https://registry.npmjs.org/brace-expansion/-/brace-expansion-1.1.11.tgz",
      "integrity": "sha512-iCuPHDFgrHX7H2vEI/5xpz07zSHB00TpugqhmYtVmMO6518mCuRMoOYFldEBl0g187ufozdaHgWKcYFb61qGiA==",
      "dev": true,
      "requires": {
        "balanced-match": "^1.0.0",
        "concat-map": "0.0.1"
      }
    },
    "compare-versions": {
      "version": "2.0.1",
      "resolved": "https://registry.npmjs.org/compare-versions/-/compare-versions-2.0.1.tgz",
      "integrity": "sha512-6CSiK05766gCZ+t7t6xRQTOKN1b75x23GTawH6AAUoUuWI5jBQgPYo4aXy70VdRbEXFsdxTpL6yIwsZkxx90Hg==",
      "dev": true
    },
    "concat-map": {
      "version": "0.0.1",
      "resolved": "https://registry.npmjs.org/concat-map/-/concat-map-0.0.1.tgz",
      "integrity": "sha512-/Srv4dswyQNBfohGpz9o6Yb3Gz3SrUDqBH5rTuhGR7ahtlbYKnVxw2bCFMRljaA7EXHaXZ8wsHdodFvbkhKmqg==",
      "dev": true
    },
    "estree-walker": {
      "version": "0.2.1",
      "resolved": "https://registry.npmjs.org/estree-walker/-/estree-walker-0.2.1.tgz",
      "integrity": "sha512-6/I1dwNKk0N9iGOU3ydzAAurz4NPo/ttxZNCqgIVbWFvWyzWBSNonRrJ5CpjDuyBfmM7ENN7WCzUi9aT/UPXXQ==",
      "dev": true
    },
    "minimatch": {
      "version": "3.1.2",
      "resolved": "https://registry.npmjs.org/minimatch/-/minimatch-3.1.2.tgz",
      "integrity": "sha512-J7p63hRiAjw1NDEww1W7i37+ByIrOWO5XQQAzZ3VOcL0PNybwpfmV/N05zFAzwQ9USyEcX6t3UO+K5aqBQOIHw==",
      "dev": true,
      "requires": {
        "brace-expansion": "^1.1.7"
      }
    },
    "object-assign": {
      "version": "4.1.1",
      "resolved": "https://registry.npmjs.org/object-assign/-/object-assign-4.1.1.tgz",
      "integrity": "sha512-rJgTQnkUnH1sFw8yT6VSU3zD3sWmu6sZhIseY8VX+GRu3P6F7Fu+JNDoXfklElbLJSnc3FUQHVe4cU5hj+BcUg==",
      "dev": true
    },
    "rollup": {
      "version": "0.49.3",
      "resolved": "https://registry.npmjs.org/rollup/-/rollup-0.49.3.tgz",
      "integrity": "sha512-n/vHRX4GhMIyGZEQRANcSFVtvz99bSRbNMuoC33ar9f4CViqffyF9WklLb2mxIQ6I/uFf7wDEpc66bXBFE7FvA==",
      "dev": true
    },
    "rollup-plugin-typescript": {
      "version": "0.8.1",
      "resolved": "https://registry.npmjs.org/rollup-plugin-typescript/-/rollup-plugin-typescript-0.8.1.tgz",
      "integrity": "sha512-CVe17ziQaudTHpLAHKM0MRSeOB9Aza7kuaJ/7G3meBM/SqsgZHo6ckqaNXkcnM5v2ISyvh016dJi8ppH1jTpNg==",
      "dev": true,
      "requires": {
        "compare-versions": "2.0.1",
        "object-assign": "^4.0.1",
        "rollup-pluginutils": "^1.3.1",
        "tippex": "^2.1.1",
        "typescript": "^1.8.9"
      }
    },
    "rollup-pluginutils": {
      "version": "1.5.2",
      "resolved": "https://registry.npmjs.org/rollup-pluginutils/-/rollup-pluginutils-1.5.2.tgz",
      "integrity": "sha512-SjdWWWO/CUoMpDy8RUbZ/pSpG68YHmhk5ROKNIoi2En9bJ8bTt3IhYi254RWiTclQmL7Awmrq+rZFOhZkJAHmQ==",
      "dev": true,
      "requires": {
        "estree-walker": "^0.2.1",
        "minimatch": "^3.0.2"
      }
    },
    "tippex": {
      "version": "2.3.1",
      "resolved": "https://registry.npmjs.org/tippex/-/tippex-2.3.1.tgz",
      "integrity": "sha512-U5sfn9RQj2NRoQi0kit+iiI1GzNkVUFt6USOehsHYZv5G6CTJv3TejwLpLQYGBR/TI2xbU8pmNBB3a5Sgyl31A==",
      "dev": true
    },
    "typescript": {
      "version": "1.8.10",
      "resolved": "https://registry.npmjs.org/typescript/-/typescript-1.8.10.tgz",
      "integrity": "sha512-amAjhGr2ZKUcd3OpqmSWbyz57bveJcwLdVp4XY31zR3Lylq0ZG8MHAX4IpoJ5AypkdkKkMRRVoqY6lKWrR9uPQ==",
      "dev": true
    }
  }
}
